// !$*UTF8*$!
{
	archiveVersion = 1;
	classes = {
	};
	objectVersion = 77;
	objects = {

/* Begin PBXContainerItemProxy section */
		DD21CED92DA4716C00E8A55E /* PBXContainerItemProxy */ = {
			isa = PBXContainerItemProxy;
			containerPortal = DD21CEC12DA4716B00E8A55E /* Project object */;
			proxyType = 1;
			remoteGlobalIDString = DD21CEC82DA4716B00E8A55E;
			remoteInfo = Noteai;
		};
		DD21CEE32DA4716C00E8A55E /* PBXContainerItemProxy */ = {
			isa = PBXContainerItemProxy;
			containerPortal = DD21CEC12DA4716B00E8A55E /* Project object */;
			proxyType = 1;
			remoteGlobalIDString = DD21CEC82DA4716B00E8A55E;
			remoteInfo = Noteai;
		};
/* End PBXContainerItemProxy section */

/* Begin PBXFileReference section */
		DD21CEC92DA4716B00E8A55E /* Noteai.app */ = {isa = PBXFileReference; explicitFileType = wrapper.application; includeInIndex = 0; path = Noteai.app; sourceTree = BUILT_PRODUCTS_DIR; };
		DD21CED82DA4716C00E8A55E /* NoteaiTests.xctest */ = {isa = PBXFileReference; explicitFileType = wrapper.cfbundle; includeInIndex = 0; path = NoteaiTests.xctest; sourceTree = BUILT_PRODUCTS_DIR; };
		DD21CEE22DA4716C00E8A55E /* NoteaiUITests.xctest */ = {isa = PBXFileReference; explicitFileType = wrapper.cfbundle; includeInIndex = 0; path = NoteaiUITests.xctest; sourceTree = BUILT_PRODUCTS_DIR; };
/* End PBXFileReference section */

/* Begin PBXFileSystemSynchronizedBuildFileExceptionSet section */
		DD21CF552DA4842E00E8A55E /* Exceptions for "Noteai" folder in "Noteai" target */ = {
			isa = PBXFileSystemSynchronizedBuildFileExceptionSet;
			membershipExceptions = (
				Info.plist,
			);
			target = DD21CEC82DA4716B00E8A55E /* Noteai */;
		};
/* End PBXFileSystemSynchronizedBuildFileExceptionSet section */

/* Begin PBXFileSystemSynchronizedRootGroup section */
		DD21CECB2DA4716B00E8A55E /* Noteai */ = {
			isa = PBXFileSystemSynchronizedRootGroup;
			exceptions = (
				DD21CF552DA4842E00E8A55E /* Exceptions for "Noteai" folder in "Noteai" target */,
			);
			path = Noteai;
			sourceTree = "<group>";
		};
		DD21CEDB2DA4716C00E8A55E /* NoteaiTests */ = {
			isa = PBXFileSystemSynchronizedRootGroup;
			path = NoteaiTests;
			sourceTree = "<group>";
		};
		DD21CEE52DA4716C00E8A55E /* NoteaiUITests */ = {
			isa = PBXFileSystemSynchronizedRootGroup;
			path = NoteaiUITests;
			sourceTree = "<group>";
		};
/* End PBXFileSystemSynchronizedRootGroup section */

/* Begin PBXFrameworksBuildPhase section */
		DD21CEC62DA4716B00E8A55E /* Frameworks */ = {
			isa = PBXFrameworksBuildPhase;
			buildActionMask = 2147483647;
			files = (
			);
			runOnlyForDeploymentPostprocessing = 0;
		};
		DD21CED52DA4716C00E8A55E /* Frameworks */ = {
			isa = PBXFrameworksBuildPhase;
			buildActionMask = 2147483647;
			files = (
			);
			runOnlyForDeploymentPostprocessing = 0;
		};
		DD21CEDF2DA4716C00E8A55E /* Frameworks */ = {
			isa = PBXFrameworksBuildPhase;
			buildActionMask = 2147483647;
			files = (
			);
			runOnlyForDeploymentPostprocessing = 0;
		};
/* End PBXFrameworksBuildPhase section */

/* Begin PBXGroup section */
		DD21CEC02DA4716B00E8A55E = {
			isa = PBXGroup;
			children = (
				DD21CECB2DA4716B00E8A55E /* Noteai */,
				DD21CEDB2DA4716C00E8A55E /* NoteaiTests */,
				DD21CEE52DA4716C00E8A55E /* NoteaiUITests */,
				DD21CECA2DA4716B00E8A55E /* Products */,
			);
			sourceTree = "<group>";
		};
		DD21CECA2DA4716B00E8A55E /* Products */ = {
			isa = PBXGroup;
			children = (
				DD21CEC92DA4716B00E8A55E /* Noteai.app */,
				DD21CED82DA4716C00E8A55E /* NoteaiTests.xctest */,
				DD21CEE22DA4716C00E8A55E /* NoteaiUITests.xctest */,
			);
			name = Products;
			sourceTree = "<group>";
		};
/* End PBXGroup section */

/* Begin PBXNativeTarget section */
		DD21CEC82DA4716B00E8A55E /* Noteai */ = {
			isa = PBXNativeTarget;
			buildConfigurationList = DD21CEEC2DA4716C00E8A55E /* Build configuration list for PBXNativeTarget "Noteai" */;
			buildPhases = (
				DD21CEC52DA4716B00E8A55E /* Sources */,
				DD21CEC62DA4716B00E8A55E /* Frameworks */,
				DD21CEC72DA4716B00E8A55E /* Resources */,
			);
			buildRules = (
			);
			dependencies = (
			);
			fileSystemSynchronizedGroups = (
				DD21CECB2DA4716B00E8A55E /* Noteai */,
			);
			name = Noteai;
			packageProductDependencies = (
			);
			productName = Noteai;
			productReference = DD21CEC92DA4716B00E8A55E /* Noteai.app */;
			productType = "com.apple.product-type.application";
		};
		DD21CED72DA4716C00E8A55E /* NoteaiTests */ = {
			isa = PBXNativeTarget;
			buildConfigurationList = DD21CEEF2DA4716C00E8A55E /* Build configuration list for PBXNativeTarget "NoteaiTests" */;
			buildPhases = (
				DD21CED42DA4716C00E8A55E /* Sources */,
				DD21CED52DA4716C00E8A55E /* Frameworks */,
				DD21CED62DA4716C00E8A55E /* Resources */,
			);
			buildRules = (
			);
			dependencies = (
				DD21CEDA2DA4716C00E8A55E /* PBXTargetDependency */,
			);
			fileSystemSynchronizedGroups = (
				DD21CEDB2DA4716C00E8A55E /* NoteaiTests */,
			);
			name = NoteaiTests;
			packageProductDependencies = (
			);
			productName = NoteaiTests;
			productReference = DD21CED82DA4716C00E8A55E /* NoteaiTests.xctest */;
			productType = "com.apple.product-type.bundle.unit-test";
		};
		DD21CEE12DA4716C00E8A55E /* NoteaiUITests */ = {
			isa = PBXNativeTarget;
			buildConfigurationList = DD21CEF22DA4716C00E8A55E /* Build configuration list for PBXNativeTarget "NoteaiUITests" */;
			buildPhases = (
				DD21CEDE2DA4716C00E8A55E /* Sources */,
				DD21CEDF2DA4716C00E8A55E /* Frameworks */,
				DD21CEE02DA4716C00E8A55E /* Resources */,
			);
			buildRules = (
			);
			dependencies = (
				DD21CEE42DA4716C00E8A55E /* PBXTargetDependency */,
			);
			fileSystemSynchronizedGroups = (
				DD21CEE52DA4716C00E8A55E /* NoteaiUITests */,
			);
			name = NoteaiUITests;
			packageProductDependencies = (
			);
			productName = NoteaiUITests;
			productReference = DD21CEE22DA4716C00E8A55E /* NoteaiUITests.xctest */;
			productType = "com.apple.product-type.bundle.ui-testing";
		};
/* End PBXNativeTarget section */

/* Begin PBXProject section */
		DD21CEC12DA4716B00E8A55E /* Project object */ = {
			isa = PBXProject;
			attributes = {
				BuildIndependentTargetsInParallel = 1;
				LastSwiftUpdateCheck = 1630;
				LastUpgradeCheck = 1630;
				TargetAttributes = {
					DD21CEC82DA4716B00E8A55E = {
						CreatedOnToolsVersion = 16.3;
					};
					DD21CED72DA4716C00E8A55E = {
						CreatedOnToolsVersion = 16.3;
						TestTargetID = DD21CEC82DA4716B00E8A55E;
					};
					DD21CEE12DA4716C00E8A55E = {
						CreatedOnToolsVersion = 16.3;
						TestTargetID = DD21CEC82DA4716B00E8A55E;
					};
				};
			};
			buildConfigurationList = DD21CEC42DA4716B00E8A55E /* Build configuration list for PBXProject "Noteai" */;
			developmentRegion = en;
			hasScannedForEncodings = 0;
			knownRegions = (
				en,
				Base,
			);
			mainGroup = DD21CEC02DA4716B00E8A55E;
			minimizedProjectReferenceProxies = 1;
			preferredProjectObjectVersion = 77;
			productRefGroup = DD21CECA2DA4716B00E8A55E /* Products */;
			projectDirPath = "";
			projectRoot = "";
			targets = (
				DD21CEC82DA4716B00E8A55E /* Noteai */,
				DD21CED72DA4716C00E8A55E /* NoteaiTests */,
				DD21CEE12DA4716C00E8A55E /* NoteaiUITests */,
			);
		};
/* End PBXProject section */

/* Begin PBXResourcesBuildPhase section */
		DD21CEC72DA4716B00E8A55E /* Resources */ = {
			isa = PBXResourcesBuildPhase;
			buildActionMask = 2147483647;
			files = (
			);
			runOnlyForDeploymentPostprocessing = 0;
		};
		DD21CED62DA4716C00E8A55E /* Resources */ = {
			isa = PBXResourcesBuildPhase;
			buildActionMask = 2147483647;
			files = (
			);
			runOnlyForDeploymentPostprocessing = 0;
		};
		DD21CEE02DA4716C00E8A55E /* Resources */ = {
			isa = PBXResourcesBuildPhase;
			buildActionMask = 2147483647;
			files = (
			);
			runOnlyForDeploymentPostprocessing = 0;
		};
/* End PBXResourcesBuildPhase section */

/* Begin PBXSourcesBuildPhase section */
		DD21CEC52DA4716B00E8A55E /* Sources */ = {
			isa = PBXSourcesBuildPhase;
			buildActionMask = 2147483647;
			files = (
			);
			runOnlyForDeploymentPostprocessing = 0;
		};
		DD21CED42DA4716C00E8A55E /* Sources */ = {
			isa = PBXSourcesBuildPhase;
			buildActionMask = 2147483647;
			files = (
			);
			runOnlyForDeploymentPostprocessing = 0;
		};
		DD21CEDE2DA4716C00E8A55E /* Sources */ = {
			isa = PBXSourcesBuildPhase;
			buildActionMask = 2147483647;
			files = (
			);
			runOnlyForDeploymentPostprocessing = 0;
		};
/* End PBXSourcesBuildPhase section */

/* Begin PBXTargetDependency section */
		DD21CEDA2DA4716C00E8A55E /* PBXTargetDependency */ = {
			isa = PBXTargetDependency;
			target = DD21CEC82DA4716B00E8A55E /* Noteai */;
			targetProxy = DD21CED92DA4716C00E8A55E /* PBXContainerItemProxy */;
		};
		DD21CEE42DA4716C00E8A55E /* PBXTargetDependency */ = {
			isa = PBXTargetDependency;
			target = DD21CEC82DA4716B00E8A55E /* Noteai */;
			targetProxy = DD21CEE32DA4716C00E8A55E /* PBXContainerItemProxy */;
		};
/* End PBXTargetDependency section */

/* Begin XCBuildConfiguration section */
		DD21CEEA2DA4716C00E8A55E /* Debug */ = {
			isa = XCBuildConfiguration;
			buildSettings = {
				ALWAYS_SEARCH_USER_PATHS = NO;
				ASSETCATALOG_COMPILER_GENERATE_SWIFT_ASSET_SYMBOL_EXTENSIONS = YES;
				CLANG_ANALYZER_NONNULL = YES;
				CLANG_ANALYZER_NUMBER_OBJECT_CONVERSION = YES_AGGRESSIVE;
				CLANG_CXX_LANGUAGE_STANDARD = "gnu++20";
				CLANG_ENABLE_MODULES = YES;
				CLANG_ENABLE_OBJC_ARC = YES;
				CLANG_ENABLE_OBJC_WEAK = YES;
				CLANG_WARN_BLOCK_CAPTURE_AUTORELEASING = YES;
				CLANG_WARN_BOOL_CONVERSION = YES;
				CLANG_WARN_COMMA = YES;
				CLANG_WARN_CONSTANT_CONVERSION = YES;
				CLANG_WARN_DEPRECATED_OBJC_IMPLEMENTATIONS = YES;
				CLANG_WARN_DIRECT_OBJC_ISA_USAGE = YES_ERROR;
				CLANG_WARN_DOCUMENTATION_COMMENTS = YES;
				CLANG_WARN_EMPTY_BODY = YES;
				CLANG_WARN_ENUM_CONVERSION = YES;
				CLANG_WARN_INFINITE_RECURSION = YES;
				CLANG_WARN_INT_CONVERSION = YES;
				CLANG_WARN_NON_LITERAL_NULL_CONVERSION = YES;
				CLANG_WARN_OBJC_IMPLICIT_RETAIN_SELF = YES;
				CLANG_WARN_OBJC_LITERAL_CONVERSION = YES;
				CLANG_WARN_OBJC_ROOT_CLASS = YES_ERROR;
				CLANG_WARN_QUOTED_INCLUDE_IN_FRAMEWORK_HEADER = YES;
				CLANG_WARN_RANGE_LOOP_ANALYSIS = YES;
				CLANG_WARN_STRICT_PROTOTYPES = YES;
				CLANG_WARN_SUSPICIOUS_MOVE = YES;
				CLANG_WARN_UNGUARDED_AVAILABILITY = YES_AGGRESSIVE;
				CLANG_WARN_UNREACHABLE_CODE = YES;
				CLANG_WARN__DUPLICATE_METHOD_MATCH = YES;
				COPY_PHASE_STRIP = NO;
				DEBUG_INFORMATION_FORMAT = dwarf;
				DEVELOPMENT_TEAM = 5WP229CBB8;
				ENABLE_STRICT_OBJC_MSGSEND = YES;
				ENABLE_TESTABILITY = YES;
				ENABLE_USER_SCRIPT_SANDBOXING = YES;
				GCC_C_LANGUAGE_STANDARD = gnu17;
				GCC_DYNAMIC_NO_PIC = NO;
				GCC_NO_COMMON_BLOCKS = YES;
				GCC_OPTIMIZATION_LEVEL = 0;
				GCC_PREPROCESSOR_DEFINITIONS = (
					"DEBUG=1",
					"$(inherited)",
				);
				GCC_WARN_64_TO_32_BIT_CONVERSION = YES;
				GCC_WARN_ABOUT_RETURN_TYPE = YES_ERROR;
				GCC_WARN_UNDECLARED_SELECTOR = YES;
				GCC_WARN_UNINITIALIZED_AUTOS = YES_AGGRESSIVE;
				GCC_WARN_UNUSED_FUNCTION = YES;
				GCC_WARN_UNUSED_VARIABLE = YES;
				IPHONEOS_DEPLOYMENT_TARGET = 18.4;
				LOCALIZATION_PREFERS_STRING_CATALOGS = YES;
				MTL_ENABLE_DEBUG_INFO = INCLUDE_SOURCE;
				MTL_FAST_MATH = YES;
				ONLY_ACTIVE_ARCH = YES;
				SDKROOT = iphoneos;
				SWIFT_ACTIVE_COMPILATION_CONDITIONS = "DEBUG $(inherited)";
				SWIFT_OPTIMIZATION_LEVEL = "-Onone";
			};
			name = Debug;
		};
		DD21CEEB2DA4716C00E8A55E /* Release */ = {
			isa = XCBuildConfiguration;
			buildSettings = {
				ALWAYS_SEARCH_USER_PATHS = NO;
				ASSETCATALOG_COMPILER_GENERATE_SWIFT_ASSET_SYMBOL_EXTENSIONS = YES;
				CLANG_ANALYZER_NONNULL = YES;
				CLANG_ANALYZER_NUMBER_OBJECT_CONVERSION = YES_AGGRESSIVE;
				CLANG_CXX_LANGUAGE_STANDARD = "gnu++20";
				CLANG_ENABLE_MODULES = YES;
				CLANG_ENABLE_OBJC_ARC = YES;
				CLANG_ENABLE_OBJC_WEAK = YES;
				CLANG_WARN_BLOCK_CAPTURE_AUTORELEASING = YES;
				CLANG_WARN_BOOL_CONVERSION = YES;
				CLANG_WARN_COMMA = YES;
				CLANG_WARN_CONSTANT_CONVERSION = YES;
				CLANG_WARN_DEPRECATED_OBJC_IMPLEMENTATIONS = YES;
				CLANG_WARN_DIRECT_OBJC_ISA_USAGE = YES_ERROR;
				CLANG_WARN_DOCUMENTATION_COMMENTS = YES;
				CLANG_WARN_EMPTY_BODY = YES;
				CLANG_WARN_ENUM_CONVERSION = YES;
				CLANG_WARN_INFINITE_RECURSION = YES;
				CLANG_WARN_INT_CONVERSION = YES;
				CLANG_WARN_NON_LITERAL_NULL_CONVERSION = YES;
				CLANG_WARN_OBJC_IMPLICIT_RETAIN_SELF = YES;
				CLANG_WARN_OBJC_LITERAL_CONVERSION = YES;
				CLANG_WARN_OBJC_ROOT_CLASS = YES_ERROR;
				CLANG_WARN_QUOTED_INCLUDE_IN_FRAMEWORK_HEADER = YES;
				CLANG_WARN_RANGE_LOOP_ANALYSIS = YES;
				CLANG_WARN_STRICT_PROTOTYPES = YES;
				CLANG_WARN_SUSPICIOUS_MOVE = YES;
				CLANG_WARN_UNGUARDED_AVAILABILITY = YES_AGGRESSIVE;
				CLANG_WARN_UNREACHABLE_CODE = YES;
				CLANG_WARN__DUPLICATE_METHOD_MATCH = YES;
				COPY_PHASE_STRIP = NO;
				DEBUG_INFORMATION_FORMAT = "dwarf-with-dsym";
				DEVELOPMENT_TEAM = 5WP229CBB8;
				ENABLE_NS_ASSERTIONS = NO;
				ENABLE_STRICT_OBJC_MSGSEND = YES;
				ENABLE_USER_SCRIPT_SANDBOXING = YES;
				GCC_C_LANGUAGE_STANDARD = gnu17;
				GCC_NO_COMMON_BLOCKS = YES;
				GCC_WARN_64_TO_32_BIT_CONVERSION = YES;
				GCC_WARN_ABOUT_RETURN_TYPE = YES_ERROR;
				GCC_WARN_UNDECLARED_SELECTOR = YES;
				GCC_WARN_UNINITIALIZED_AUTOS = YES_AGGRESSIVE;
				GCC_WARN_UNUSED_FUNCTION = YES;
				GCC_WARN_UNUSED_VARIABLE = YES;
				IPHONEOS_DEPLOYMENT_TARGET = 18.4;
				LOCALIZATION_PREFERS_STRING_CATALOGS = YES;
				MTL_ENABLE_DEBUG_INFO = NO;
				MTL_FAST_MATH = YES;
				SDKROOT = iphoneos;
				SWIFT_COMPILATION_MODE = wholemodule;
				VALIDATE_PRODUCT = YES;
			};
			name = Release;
		};
		DD21CEED2DA4716C00E8A55E /* Debug */ = {
			isa = XCBuildConfiguration;
			buildSettings = {
				ASSETCATALOG_COMPILER_APPICON_NAME = AppIcon;
				ASSETCATALOG_COMPILER_GLOBAL_ACCENT_COLOR_NAME = AccentColor;
				CODE_SIGN_STYLE = Automatic;
				CURRENT_PROJECT_VERSION = 1;
				DEVELOPMENT_TEAM = 5WP229CBB8;
				ENABLE_PREVIEWS = YES;
				GENERATE_INFOPLIST_FILE = NO;
				INFOPLIST_FILE = Noteai/Info.plist;
				INFOPLIST_KEY_CFBundleDisplayName = NoteAI;
				INFOPLIST_KEY_LSApplicationCategoryType = "public.app-category.productivity";
				INFOPLIST_KEY_UIApplicationSceneManifest_Generation = YES;
				INFOPLIST_KEY_UIApplicationSupportsIndirectInputEvents = YES;
				INFOPLIST_KEY_UILaunchScreen_Generation = YES;
				INFOPLIST_KEY_UISupportedInterfaceOrientations_iPad = "UIInterfaceOrientationPortrait UIInterfaceOrientationPortraitUpsideDown UIInterfaceOrientationLandscapeLeft UIInterfaceOrientationLandscapeRight";
				INFOPLIST_KEY_UISupportedInterfaceOrientations_iPhone = "UIInterfaceOrientationPortrait UIInterfaceOrientationLandscapeLeft UIInterfaceOrientationLandscapeRight";
				LD_RUNPATH_SEARCH_PATHS = (
					"$(inherited)",
					"@executable_path/Frameworks",
				);
				MARKETING_VERSION = 1.0;
				PRODUCT_BUNDLE_IDENTIFIER = sbtbiswas.Noteai;
				PRODUCT_NAME = "$(TARGET_NAME)";
				SWIFT_EMIT_LOC_STRINGS = YES;
				SWIFT_VERSION = 5.0;
				TARGETED_DEVICE_FAMILY = "1,2";
			};
			name = Debug;
		};
		DD21CEEE2DA4716C00E8A55E /* Release */ = {
			isa = XCBuildConfiguration;
			buildSettings = {
				ASSETCATALOG_COMPILER_APPICON_NAME = AppIcon;
				ASSETCATALOG_COMPILER_GLOBAL_ACCENT_COLOR_NAME = AccentColor;
				CODE_SIGN_STYLE = Automatic;
				CURRENT_PROJECT_VERSION = 1;
				DEVELOPMENT_TEAM = 5WP229CBB8;
				ENABLE_PREVIEWS = YES;
				GENERATE_INFOPLIST_FILE = NO;
				INFOPLIST_FILE = Noteai/Info.plist;
				INFOPLIST_KEY_CFBundleDisplayName = NoteAI;
				INFOPLIST_KEY_LSApplicationCategoryType = "public.app-category.productivity";
				INFOPLIST_KEY_UIApplicationSceneManifest_Generation = YES;
				INFOPLIST_KEY_UIApplicationSupportsIndirectInputEvents = YES;
				INFOPLIST_KEY_UILaunchScreen_Generation = YES;
				INFOPLIST_KEY_UISupportedInterfaceOrientations_iPad = "UIInterfaceOrientationPortrait UIInterfaceOrientationPortraitUpsideDown UIInterfaceOrientationLandscapeLeft UIInterfaceOrientationLandscapeRight";
				INFOPLIST_KEY_UISupportedInterfaceOrientations_iPhone = "UIInterfaceOrientationPortrait UIInterfaceOrientationLandscapeLeft UIInterfaceOrientationLandscapeRight";
				LD_RUNPATH_SEARCH_PATHS = (
					"$(inherited)",
					"@executable_path/Frameworks",
				);
				MARKETING_VERSION = 1.0;
				PRODUCT_BUNDLE_IDENTIFIER = sbtbiswas.Noteai;
				PRODUCT_NAME = "$(TARGET_NAME)";
				SWIFT_EMIT_LOC_STRINGS = YES;
				SWIFT_VERSION = 5.0;
				TARGETED_DEVICE_FAMILY = "1,2";
			};
			name = Release;
		};
		DD21CEF02DA4716C00E8A55E /* Debug */ = {
			isa = XCBuildConfiguration;
			buildSettings = {
				BUNDLE_LOADER = "$(TEST_HOST)";
				CODE_SIGN_STYLE = Automatic;
				CURRENT_PROJECT_VERSION = 1;
				DEVELOPMENT_TEAM = 5WP229CBB8;
				GENERATE_INFOPLIST_FILE = YES;
				IPHONEOS_DEPLOYMENT_TARGET = 18.4;
				MARKETING_VERSION = 1.0;
				PRODUCT_BUNDLE_IDENTIFIER = sbtbiswas.NoteaiTests;
				PRODUCT_NAME = "$(TARGET_NAME)";
				SWIFT_EMIT_LOC_STRINGS = NO;
				SWIFT_VERSION = 5.0;
				TARGETED_DEVICE_FAMILY = "1,2";
				TEST_HOST = "$(BUILT_PRODUCTS_DIR)/Noteai.app/$(BUNDLE_EXECUTABLE_FOLDER_PATH)/Noteai";
			};
			name = Debug;
		};
		DD21CEF12DA4716C00E8A55E /* Release */ = {
			isa = XCBuildConfiguration;
			buildSettings = {
				BUNDLE_LOADER = "$(TEST_HOST)";
				CODE_SIGN_STYLE = Automatic;
				CURRENT_PROJECT_VERSION = 1;
				DEVELOPMENT_TEAM = 5WP229CBB8;
				GENERATE_INFOPLIST_FILE = YES;
				IPHONEOS_DEPLOYMENT_TARGET = 18.4;
				MARKETING_VERSION = 1.0;
				PRODUCT_BUNDLE_IDENTIFIER = sbtbiswas.NoteaiTests;
				PRODUCT_NAME = "$(TARGET_NAME)";
				SWIFT_EMIT_LOC_STRINGS = NO;
				SWIFT_VERSION = 5.0;
				TARGETED_DEVICE_FAMILY = "1,2";
				TEST_HOST = "$(BUILT_PRODUCTS_DIR)/Noteai.app/$(BUNDLE_EXECUTABLE_FOLDER_PATH)/Noteai";
			};
			name = Release;
		};
		DD21CEF32DA4716C00E8A55E /* Debug */ = {
			isa = XCBuildConfiguration;
			buildSettings = {
				CODE_SIGN_STYLE = Automatic;
				CURRENT_PROJECT_VERSION = 1;
				DEVELOPMENT_TEAM = 5WP229CBB8;
				GENERATE_INFOPLIST_FILE = YES;
				MARKETING_VERSION = 1.0;
				PRODUCT_BUNDLE_IDENTIFIER = sbtbiswas.NoteaiUITests;
				PRODUCT_NAME = "$(TARGET_NAME)";
				SWIFT_EMIT_LOC_STRINGS = NO;
				SWIFT_VERSION = 5.0;
				TARGETED_DEVICE_FAMILY = "1,2";
				TEST_TARGET_NAME = Noteai;
			};
			name = Debug;
		};
		DD21CEF42DA4716C00E8A55E /* Release */ = {
			isa = XCBuildConfiguration;
			buildSettings = {
				CODE_SIGN_STYLE = Automatic;
				CURRENT_PROJECT_VERSION = 1;
				DEVELOPMENT_TEAM = 5WP229CBB8;
				GENERATE_INFOPLIST_FILE = YES;
				MARKETING_VERSION = 1.0;
				PRODUCT_BUNDLE_IDENTIFIER = sbtbiswas.NoteaiUITests;
				PRODUCT_NAME = "$(TARGET_NAME)";
				SWIFT_EMIT_LOC_STRINGS = NO;
				SWIFT_VERSION = 5.0;
				TARGETED_DEVICE_FAMILY = "1,2";
				TEST_TARGET_NAME = Noteai;
			};
			name = Release;
		};
/* End XCBuildConfiguration section */

/* Begin XCConfigurationList section */
		DD21CEC42DA4716B00E8A55E /* Build configuration list for PBXProject "Noteai" */ = {
			isa = XCConfigurationList;
			buildConfigurations = (
				DD21CEEA2DA4716C00E8A55E /* Debug */,
				DD21CEEB2DA4716C00E8A55E /* Release */,
			);
			defaultConfigurationIsVisible = 0;
			defaultConfigurationName = Release;
		};
		DD21CEEC2DA4716C00E8A55E /* Build configuration list for PBXNativeTarget "Noteai" */ = {
			isa = XCConfigurationList;
			buildConfigurations = (
				DD21CEED2DA4716C00E8A55E /* Debug */,
				DD21CEEE2DA4716C00E8A55E /* Release */,
			);
			defaultConfigurationIsVisible = 0;
			defaultConfigurationName = Release;
		};
		DD21CEEF2DA4716C00E8A55E /* Build configuration list for PBXNativeTarget "NoteaiTests" */ = {
			isa = XCConfigurationList;
			buildConfigurations = (
				DD21CEF02DA4716C00E8A55E /* Debug */,
				DD21CEF12DA4716C00E8A55E /* Release */,
			);
			defaultConfigurationIsVisible = 0;
			defaultConfigurationName = Release;
		};
		DD21CEF22DA4716C00E8A55E /* Build configuration list for PBXNativeTarget "NoteaiUITests" */ = {
			isa = XCConfigurationList;
			buildConfigurations = (
				DD21CEF32DA4716C00E8A55E /* Debug */,
				DD21CEF42DA4716C00E8A55E /* Release */,
			);
			defaultConfigurationIsVisible = 0;
			defaultConfigurationName = Release;
		};
/* End XCConfigurationList section */
	};
	rootObject = DD21CEC12DA4716B00E8A55E /* Project object */;
}
